
Microsoft Visual Studio Solution File, Format Version 12.00
# Visual Studio Version 17
VisualStudioVersion = 17.8.34601.278
MinimumVisualStudioVersion = 10.0.40219.1
Project("{FAE04EC0-301F-11D3-BF4B-00C04F79EFBC}") = "DLLWithFramework", "DLLWithFramework.csproj", "{DA052094-611E-4487-81E8-6FA7AB8DC1CF}"
EndProject
Global
	GlobalSection(SolutionConfigurationPlatforms) = preSolution
		Debug|Any CPU = Debug|Any CPU
		Release|Any CPU = Release|Any CPU
	EndGlobalSection
	GlobalSection(ProjectConfigurationPlatforms) = postSolution
		{DA052094-611E-4487-81E8-6FA7AB8DC1CF}.Debug|Any CPU.ActiveCfg = Debug|Any CPU
		{DA052094-611E-4487-81E8-6FA7AB8DC1CF}.Debug|Any CPU.Build.0 = Debug|Any CPU
		{DA052094-611E-4487-81E8-6FA7AB8DC1CF}.Release|Any CPU.ActiveCfg = Release|Any CPU
		{DA052094-611E-4487-81E8-6FA7AB8DC1CF}.Release|Any CPU.Build.0 = Release|Any CPU
	EndGlobalSection
	GlobalSection(SolutionProperties) = preSolution
		HideSolutionNode = FALSE
	EndGlobalSection
	GlobalSection(ExtensibilityGlobals) = postSolution
		SolutionGuid = {717490AB-0B16-4880-BC7B-945164BC5C9B}
	EndGlobalSection
EndGlobal
